{
  "name": "acm-website-server",
  "lockfileVersion": 3,
  "requires": true,
  "packages": {
    "": {
      "dependencies": {
        "stoker": "^1.1.0",
        "zod": "^3.23.8"
      }
    },
    "node_modules/@asteasolutions/zod-to-openapi": {
      "version": "7.2.0",
      "license": "MIT",
      "peer": true,
      "dependencies": {
        "openapi3-ts": "^4.1.2"
      },
      "peerDependencies": {
        "zod": "^3.20.2"
      }
    },
    "node_modules/hono": {
      "version": "4.6.4",
      "license": "MIT",
      "peer": true,
      "engines": {
        "node": ">=16.9.0"
      }
    },
    "node_modules/openapi3-ts": {
      "version": "4.4.0",
      "license": "MIT",
      "peer": true,
      "dependencies": {
        "yaml": "^2.5.0"
      }
    },
    "node_modules/stoker": {
      "version": "1.1.0",
      "license": "MIT",
      "peerDependencies": {
        "@asteasolutions/zod-to-openapi": "^7.0.0",
        "@hono/zod-openapi": "^0.16.0",
        "hono": "^4.0.0",
        "openapi3-ts": "^4.4.0"
      },
      "peerDependenciesMeta": {
        "@hono/zod-openapi": {
          "optional": true
        }
      }
    },
    "node_modules/yaml": {
      "version": "2.6.0",
      "license": "ISC",
      "peer": true,
      "bin": {
        "yaml": "bin.mjs"
      },
      "engines": {
        "node": ">= 14"
      }
    },
    "node_modules/zod": {
      "version": "3.23.8",
      "license": "MIT",
      "funding": {
        "url": "https://github.com/sponsors/colinhacks"
      }
    }
  }
}
